
Microsoft Visual Studio Solution File, Format Version 12.00
# Visual Studio Version 17
VisualStudioVersion = 17.5.002.0
MinimumVisualStudioVersion = 10.0.40219.1
Project("{9A19103F-16F7-4668-BE54-9A1E7A4F7556}") = "lab-8-project-euler-Treywalk33", "lab-8-project-euler-Treywalk33.csproj", "{AEA136EB-137B-4FDD-AE31-AD16D6382C4D}"
EndProject
Global
	GlobalSection(SolutionConfigurationPlatforms) = preSolution
		Debug|Any CPU = Debug|Any CPU
		Release|Any CPU = Release|Any CPU
	EndGlobalSection
	GlobalSection(ProjectConfigurationPlatforms) = postSolution
		{AEA136EB-137B-4FDD-AE31-AD16D6382C4D}.Debug|Any CPU.ActiveCfg = Debug|Any CPU
		{AEA136EB-137B-4FDD-AE31-AD16D6382C4D}.Debug|Any CPU.Build.0 = Debug|Any CPU
		{AEA136EB-137B-4FDD-AE31-AD16D6382C4D}.Release|Any CPU.ActiveCfg = Release|Any CPU
		{AEA136EB-137B-4FDD-AE31-AD16D6382C4D}.Release|Any CPU.Build.0 = Release|Any CPU
	EndGlobalSection
	GlobalSection(SolutionProperties) = preSolution
		HideSolutionNode = FALSE
	EndGlobalSection
	GlobalSection(ExtensibilityGlobals) = postSolution
		SolutionGuid = {656E2981-C0C9-4098-B2C8-DFFF80B9B400}
	EndGlobalSection
EndGlobal
